{
  "name": "tingee-sdk-nodejs-sample",
  "version": "1.0.0",
  "lockfileVersion": 3,
  "requires": true,
  "packages": {
    "": {
      "name": "tingee-sdk-nodejs-sample",
      "version": "1.0.0",
      "dependencies": {
        "@tingee/sdk-node": "file:../../bindings/node"
      }
    },
    "../../bindings/node": {
      "name": "@tingee/sdk-node",
      "version": "0.1.0",
      "license": "ISC",
      "devDependencies": {
        "@types/node": "^25.2.2",
        "copyfiles": "^2.4.1",
        "typescript": "^5.9.3"
      },
      "engines": {
        "node": ">=18.0.0"
      },
      "funding": {
        "type": "other",
        "url": "https://t.me/tingeesupport"
      }
    },
    "node_modules/@tingee/sdk-node": {
      "resolved": "../../bindings/node",
      "link": true
    }
  }
}
