{
  "name": "tingee-sdk-nodejs-sample",
  "version": "1.0.0",
  "lockfileVersion": 3,
  "requires": true,
  "packages": {
    "": {
      "name": "tingee-sdk-nodejs-sample",
      "version": "1.0.0",
      "dependencies": {
        "@tingee/sdk-node": "^0.1.0-beta.1"
      }
    },
    "node_modules/@tingee/sdk-node": {
      "version": "0.1.0-beta.1",
      "resolved": "https://registry.npmjs.org/@tingee/sdk-node/-/sdk-node-0.1.0-beta.1.tgz",
      "integrity": "sha512-Ebqmg+ln2xLqW2ob3r/0I+CmdLqlX7WPYmAdI0eRPrIQW9vD6/To0jgO6Dera36IVwxtGROk+YwUmUnZrgx5Ww==",
      "license": "ISC",
      "engines": {
        "node": ">=18.0.0"
      },
      "funding": {
        "type": "other",
        "url": "https://t.me/tingeesupport"
      }
    }
  }
}
